github.com/SlyMarbo/rss v1.0.5 h1:DPcZ4aOXXHJ5yNLXY1q/57frIixMmAvTtLxDE3fsMEI=
github.com/SlyMarbo/rss v1.0.5/go.mod h1:w6Bhn1BZs91q4OlEnJVZEUNRJmlbFmV7BkAlgCN8ofM=
github.com/axgle/mahonia v0.0.0-20180208002826-3358181d7394 h1:OYA+5W64v3OgClL+IrOD63t4i/RW7RqrAVl9LTZ9UqQ=
github.com/axgle/mahonia v0.0.0-20180208002826-3358181d7394/go.mod h1:Q8n74mJTIgjX4RBBcHnJ05h//6/k6foqmgE45jTQtxg=
gopkg.in/check.v1 v0.0.0-20161208181325-20d25e280405 h1:yhCVgyC4o1eVCa2tZl7eS0r+SDo693bJlVdllGtEeKM=
gopkg.in/check.v1 v0.0.0-20161208181325-20d25e280405/go.mod h1:Co6ibVJAznAaIkqp8huTwlJQCZ016jof/cbN4VW5Yz0=
gopkg.in/yaml.v3 v3.0.1 h1:fxVm/GzAzEWqLHuvctI91KS9hhNmmWOoWu0XTYJS7CA=
gopkg.in/yaml.v3 v3.0.1/go.mod h1:K4uyk7z7BCEPqu6E+C64Yfv1cQ7kz7rIZviUmN+EgEM=
